
Microsoft Visual Studio Solution File, Format Version 12.00
# Visual Studio Version 16
VisualStudioVersion = 16.0.31321.278
MinimumVisualStudioVersion = 10.0.40219.1
Project("{FAE04EC0-301F-11D3-BF4B-00C04F79EFBC}") = "CodeAssessment", "CodeAssessment\CodeAssessment.csproj", "{89BA01A8-B528-4E6F-8566-E4C084E42709}"
EndProject
Project("{FAE04EC0-301F-11D3-BF4B-00C04F79EFBC}") = "CodeAssessment.Tests", "CodeAssessment.Tests\CodeAssessment.Tests.csproj", "{06245371-0CA4-412B-8E18-303FEAA33052}"
EndProject
Global
	GlobalSection(SolutionConfigurationPlatforms) = preSolution
		Debug|Any CPU = Debug|Any CPU
		Release|Any CPU = Release|Any CPU
	EndGlobalSection
	GlobalSection(ProjectConfigurationPlatforms) = postSolution
		{89BA01A8-B528-4E6F-8566-E4C084E42709}.Debug|Any CPU.ActiveCfg = Debug|Any CPU
		{89BA01A8-B528-4E6F-8566-E4C084E42709}.Debug|Any CPU.Build.0 = Debug|Any CPU
		{89BA01A8-B528-4E6F-8566-E4C084E42709}.Release|Any CPU.ActiveCfg = Release|Any CPU
		{89BA01A8-B528-4E6F-8566-E4C084E42709}.Release|Any CPU.Build.0 = Release|Any CPU
		{06245371-0CA4-412B-8E18-303FEAA33052}.Debug|Any CPU.ActiveCfg = Debug|Any CPU
		{06245371-0CA4-412B-8E18-303FEAA33052}.Debug|Any CPU.Build.0 = Debug|Any CPU
		{06245371-0CA4-412B-8E18-303FEAA33052}.Release|Any CPU.ActiveCfg = Release|Any CPU
		{06245371-0CA4-412B-8E18-303FEAA33052}.Release|Any CPU.Build.0 = Release|Any CPU
	EndGlobalSection
	GlobalSection(SolutionProperties) = preSolution
		HideSolutionNode = FALSE
	EndGlobalSection
	GlobalSection(ExtensibilityGlobals) = postSolution
		SolutionGuid = {8044E302-EEF1-4BBA-AD80-F658D552AFEE}
	EndGlobalSection
EndGlobal
